
Microsoft Visual Studio Solution File, Format Version 12.00
# Visual Studio 15
VisualStudioVersion = 15.0.28307.1401
MinimumVisualStudioVersion = 10.0.40219.1
Project("{FAE04EC0-301F-11D3-BF4B-00C04F79EFBC}") = "ArabaYarisi", "ArabaYarisi\ArabaYarisi.csproj", "{EBC452B1-734D-42C0-BB4E-E3D39AC6992A}"
EndProject
Global
	GlobalSection(SolutionConfigurationPlatforms) = preSolution
		Debug|Any CPU = Debug|Any CPU
		Release|Any CPU = Release|Any CPU
	EndGlobalSection
	GlobalSection(ProjectConfigurationPlatforms) = postSolution
		{EBC452B1-734D-42C0-BB4E-E3D39AC6992A}.Debug|Any CPU.ActiveCfg = Debug|Any CPU
		{EBC452B1-734D-42C0-BB4E-E3D39AC6992A}.Debug|Any CPU.Build.0 = Debug|Any CPU
		{EBC452B1-734D-42C0-BB4E-E3D39AC6992A}.Release|Any CPU.ActiveCfg = Release|Any CPU
		{EBC452B1-734D-42C0-BB4E-E3D39AC6992A}.Release|Any CPU.Build.0 = Release|Any CPU
	EndGlobalSection
	GlobalSection(SolutionProperties) = preSolution
		HideSolutionNode = FALSE
	EndGlobalSection
	GlobalSection(ExtensibilityGlobals) = postSolution
		SolutionGuid = {552DE345-9CC4-466D-B4E1-04CCDA9E7E6C}
	EndGlobalSection
EndGlobal
